
Microsoft Visual Studio Solution File, Format Version 12.00
# Visual Studio Version 17
VisualStudioVersion = 17.14.37012.4 d17.14
MinimumVisualStudioVersion = 10.0.40219.1
Project("{54A90642-561A-4BB1-A94E-469ADEE60C69}") = "raja_portfolio.client", "raja_portfolio.client\raja_portfolio.client.esproj", "{249C48F2-FC36-93EF-B6E5-B642FE84BAD5}"
EndProject
Project("{FAE04EC0-301F-11D3-BF4B-00C04F79EFBC}") = "Raja_Portfolio.Server", "Raja_Portfolio.Server\Raja_Portfolio.Server.csproj", "{C2B7ABE9-A9DA-4852-94FB-6D9EB224619E}"
EndProject
Global
	GlobalSection(SolutionConfigurationPlatforms) = preSolution
		Debug|Any CPU = Debug|Any CPU
		Release|Any CPU = Release|Any CPU
	EndGlobalSection
	GlobalSection(ProjectConfigurationPlatforms) = postSolution
		{249C48F2-FC36-93EF-B6E5-B642FE84BAD5}.Debug|Any CPU.ActiveCfg = Debug|Any CPU
		{249C48F2-FC36-93EF-B6E5-B642FE84BAD5}.Debug|Any CPU.Build.0 = Debug|Any CPU
		{249C48F2-FC36-93EF-B6E5-B642FE84BAD5}.Debug|Any CPU.Deploy.0 = Debug|Any CPU
		{249C48F2-FC36-93EF-B6E5-B642FE84BAD5}.Release|Any CPU.ActiveCfg = Release|Any CPU
		{249C48F2-FC36-93EF-B6E5-B642FE84BAD5}.Release|Any CPU.Build.0 = Release|Any CPU
		{249C48F2-FC36-93EF-B6E5-B642FE84BAD5}.Release|Any CPU.Deploy.0 = Release|Any CPU
		{C2B7ABE9-A9DA-4852-94FB-6D9EB224619E}.Debug|Any CPU.ActiveCfg = Debug|Any CPU
		{C2B7ABE9-A9DA-4852-94FB-6D9EB224619E}.Debug|Any CPU.Build.0 = Debug|Any CPU
		{C2B7ABE9-A9DA-4852-94FB-6D9EB224619E}.Release|Any CPU.ActiveCfg = Release|Any CPU
		{C2B7ABE9-A9DA-4852-94FB-6D9EB224619E}.Release|Any CPU.Build.0 = Release|Any CPU
	EndGlobalSection
	GlobalSection(SolutionProperties) = preSolution
		HideSolutionNode = FALSE
	EndGlobalSection
	GlobalSection(ExtensibilityGlobals) = postSolution
		SolutionGuid = {D9F653DB-3BB4-4021-8222-EEF77A3F4CE0}
	EndGlobalSection
EndGlobal
